# THIS IS AN AUTOGENERATED FILE. DO NOT EDIT THIS FILE DIRECTLY.
# yarn lockfile v1


classnames@2.2.x:
  version "2.2.5"
  resolved "https://registry.yarnpkg.com/classnames/-/classnames-2.2.5.tgz#fb3801d453467649ef3603c7d61a02bd129bde6d"

es6-error@4.0.x:
  version "4.0.2"
  resolved "https://registry.yarnpkg.com/es6-error/-/es6-error-4.0.2.tgz#eec5c726eacef51b7f6b73c20db6e1b13b069c98"

fecha@2.3.0:
  version "2.3.0"
  resolved "https://registry.yarnpkg.com/fecha/-/fecha-2.3.0.tgz#791efb33d63b89b7aa8eccc28e59593db2ead700"

lodash@4.17.x:
  version "4.17.4"
  resolved "https://registry.yarnpkg.com/lodash/-/lodash-4.17.4.tgz#78203a4d1c328ae1d86dca6460e369b57f4055ae"

zent-icon@^1.0.10:
  version "1.0.10"
  resolved "http://registry.npm.taobao.org/zent-icon/download/zent-icon-1.0.10.tgz#6e23ed52371ca1105ee745516c134590b3c1d20c"
  dependencies:
    zent-utils "1.0.7"
    zenticons "^1.0.0"

zent-input@^1.0.10:
  version "1.0.10"
  resolved "http://registry.npm.taobao.org/zent-input/download/zent-input-1.0.10.tgz#1bb04ad07e3b1efee87e3e4f6c5401897bfd1f60"
  dependencies:
    zent-utils "1.0.7"

zent-popover@^1.0.13:
  version "1.0.13"
  resolved "http://registry.npm.taobao.org/zent-popover/download/zent-popover-1.0.13.tgz#297f44bd2e0f6027b87ef6f162348b7fbcfb4e1a"
  dependencies:
    zent-portal "1.0.7"
    zent-utils "1.0.7"

zent-portal@1.0.7:
  version "1.0.7"
  resolved "http://registry.npm.taobao.org/zent-portal/download/zent-portal-1.0.7.tgz#d1388fbd3b6ca105741ee2bbd1f9cbe19180aaa7"
  dependencies:
    zent-utils "1.0.7"

zent-utils@1.0.7, zent-utils@^1.0.7:
  version "1.0.7"
  resolved "http://registry.npm.taobao.org/zent-utils/download/zent-utils-1.0.7.tgz#be3d7a1e26c0b8e019da0eb26a37aedaba2f91e7"
  dependencies:
    classnames "2.2.x"
    es6-error "4.0.x"
    lodash "4.17.x"

zenticons@^1.0.0:
  version "1.0.0"
  resolved "http://registry.npm.taobao.org/zenticons/download/zenticons-1.0.0.tgz#9705dd52069bc3f64be67a85cfbd052079273e34"
