# THIS IS AN AUTOGENERATED FILE. DO NOT EDIT THIS FILE DIRECTLY.
# yarn lockfile v1
classnames@2.2.x:
  version "2.2.5"
  resolved "https://registry.yarnpkg.com/classnames/-/classnames-2.2.5.tgz#fb3801d453467649ef3603c7d61a02bd129bde6d"

es6-error@4.0.x:
  version "4.0.2"
  resolved "https://registry.yarnpkg.com/es6-error/-/es6-error-4.0.2.tgz#eec5c726eacef51b7f6b73c20db6e1b13b069c98"

fecha@2.3.0:
  version "2.3.0"
  resolved "https://registry.yarnpkg.com/fecha/-/fecha-2.3.0.tgz#791efb33d63b89b7aa8eccc28e59593db2ead700"

lodash@4.17.x:
  version "4.17.4"
  resolved "https://registry.yarnpkg.com/lodash/-/lodash-4.17.4.tgz#78203a4d1c328ae1d86dca6460e369b57f4055ae"

zent-icon@1.0.8:
  version "1.0.8"
  resolved "https://registry.yarnpkg.com/zent-icon/-/zent-icon-1.0.8.tgz#45b3f224de2fb56936b328c726fdafe949776281"
  dependencies:
    zent-utils "1.0.7"

zent-utils@1.0.7:
  version "1.0.7"
  resolved "https://registry.yarnpkg.com/zent-utils/-/zent-utils-1.0.7.tgz#be3d7a1e26c0b8e019da0eb26a37aedaba2f91e7"
  dependencies:
    classnames "2.2.x"
    es6-error "4.0.x"
    lodash "4.17.x"
