# THIS IS AN AUTOGENERATED FILE. DO NOT EDIT THIS FILE DIRECTLY.
# yarn lockfile v1


asap@~2.0.3:
  version "2.0.6"
  resolved "https://registry.yarnpkg.com/asap/-/asap-2.0.6.tgz#e50347611d7e690943208bbdafebcbc2fb866d46"
  integrity sha1-5QNHYR1+aQlDIIu9r+vLwvuGbUY=

autosize@^4.0.0:
  version "4.0.0"
  resolved "https://registry.yarnpkg.com/autosize/-/autosize-4.0.0.tgz#7a0599b1ba84d73bd7589b0d9da3870152c69237"
  integrity sha1-egWZsbqE1zvXWJsNnaOHAVLGkjc=

babel-runtime@^6.23.0, babel-runtime@^6.26.0:
  version "6.26.0"
  resolved "https://registry.yarnpkg.com/babel-runtime/-/babel-runtime-6.26.0.tgz#965c7058668e82b55d7bfe04ff2337bc8b5647fe"
  integrity sha1-llxwWGaOgrVde/4E/yM3vItWR/4=
  dependencies:
    core-js "^2.4.0"
    regenerator-runtime "^0.11.0"

big.js@^3.1.3:
  version "3.2.0"
  resolved "https://registry.yarnpkg.com/big.js/-/big.js-3.2.0.tgz#a5fc298b81b9e0dca2e458824784b65c52ba588e"
  integrity sha512-+hN/Zh2D08Mx65pZ/4g5bsmNiZUuChDiQfTUQ7qJr4/kuopCr88xZsAXv6mBoZEsUI4OuGHlX59qE94K2mMW8Q==

chain-function@^1.0.0:
  version "1.0.0"
  resolved "https://registry.yarnpkg.com/chain-function/-/chain-function-1.0.0.tgz#0d4ab37e7e18ead0bdc47b920764118ce58733dc"
  integrity sha1-DUqzfn4Y6tC9xHuSB2QRjOWHM9w=

classnames@^2.2.5:
  version "2.2.5"
  resolved "https://registry.yarnpkg.com/classnames/-/classnames-2.2.5.tgz#fb3801d453467649ef3603c7d61a02bd129bde6d"
  integrity sha1-+zgB1FNGdknvNgPH1hoCvRKb3m0=

compare-versions@^3.1.0:
  version "3.1.0"
  resolved "https://registry.yarnpkg.com/compare-versions/-/compare-versions-3.1.0.tgz#43310256a5c555aaed4193c04d8f154cf9c6efd5"
  integrity sha512-4hAxDSBypT/yp2ySFD346So6Ragw5xmBn/e/agIGl3bZr6DLUqnoRZPusxKrXdYRZpgexO9daejmIenlq/wrIQ==

core-js@^1.0.0:
  version "1.2.7"
  resolved "https://registry.yarnpkg.com/core-js/-/core-js-1.2.7.tgz#652294c14651db28fa93bd2d5ff2983a4f08c636"
  integrity sha1-ZSKUwUZR2yj6k70tX/KYOk8IxjY=

core-js@^2.4.0:
  version "2.5.3"
  resolved "https://registry.yarnpkg.com/core-js/-/core-js-2.5.3.tgz#8acc38345824f16d8365b7c9b4259168e8ed603e"
  integrity sha1-isw4NFgk8W2DZbfJtCWRaOjtYD4=

date-fns@^1.29.0:
  version "1.29.0"
  resolved "https://registry.yarnpkg.com/date-fns/-/date-fns-1.29.0.tgz#12e609cdcb935127311d04d33334e2960a2a54e6"
  integrity sha512-lbTXWZ6M20cWH8N9S6afb0SBm6tMk+uUg6z3MqHPKE9atmsY3kJkTm8vKe93izJ2B2+q5MV990sM2CHgtAZaOw==

decode-uri-component@^0.2.0:
  version "0.2.0"
  resolved "https://registry.yarnpkg.com/decode-uri-component/-/decode-uri-component-0.2.0.tgz#eb3913333458775cb84cd1a1fae062106bb87545"
  integrity sha1-6zkTMzRYd1y4TNGh+uBiEGu4dUU=

dom-helpers@^3.2.0:
  version "3.3.1"
  resolved "https://registry.yarnpkg.com/dom-helpers/-/dom-helpers-3.3.1.tgz#fc1a4e15ffdf60ddde03a480a9c0fece821dd4a6"
  integrity sha512-2Sm+JaYn74OiTM2wHvxJOo3roiq/h25Yi69Fqk269cNUwIXsCvATB6CRSFC9Am/20G2b28hGv/+7NiWydIrPvg==

encoding@^0.1.11:
  version "0.1.12"
  resolved "https://registry.yarnpkg.com/encoding/-/encoding-0.1.12.tgz#538b66f3ee62cd1ab51ec323829d1f9480c74beb"
  integrity sha1-U4tm8+5izRq1HsMjgp0flIDHS+s=
  dependencies:
    iconv-lite "~0.4.13"

es6-error@4.0.x:
  version "4.0.2"
  resolved "https://registry.yarnpkg.com/es6-error/-/es6-error-4.0.2.tgz#eec5c726eacef51b7f6b73c20db6e1b13b069c98"
  integrity sha1-7sXHJurO9Rt/a3PCDbbhsTsGnJg=

exif-js@^2.3.0:
  version "2.3.0"
  resolved "https://registry.yarnpkg.com/exif-js/-/exif-js-2.3.0.tgz#9d10819bf571f873813e7640241255ab9ce1a814"
  integrity sha1-nRCBm/Vx+HOBPnZAJBJVq5zhqBQ=

fbjs@^0.8.16:
  version "0.8.16"
  resolved "https://registry.yarnpkg.com/fbjs/-/fbjs-0.8.16.tgz#5e67432f550dc41b572bf55847b8aca64e5337db"
  integrity sha1-XmdDL1UNxBtXK/VYR7ispk5TN9s=
  dependencies:
    core-js "^1.0.0"
    isomorphic-fetch "^2.1.1"
    loose-envify "^1.0.0"
    object-assign "^4.1.0"
    promise "^7.1.1"
    setimmediate "^1.0.5"
    ua-parser-js "^0.7.9"

fecha@2.3.x, fecha@^2.3.1:
  version "2.3.3"
  resolved "https://registry.yarnpkg.com/fecha/-/fecha-2.3.3.tgz#948e74157df1a32fd1b12c3a3c3cdcb6ec9d96cd"
  integrity sha512-lUGBnIamTAwk4znq5BcqsDaxSmZ9nDVJaij6NvRt/Tg4R69gERA+otPKbS86ROw9nxVMw2/mp1fnaiWqbs6Sdg==

hoist-non-react-statics@^2.5.0:
  version "2.5.0"
  resolved "https://registry.yarnpkg.com/hoist-non-react-statics/-/hoist-non-react-statics-2.5.0.tgz#d2ca2dfc19c5a91c5a6615ce8e564ef0347e2a40"
  integrity sha512-6Bl6XsDT1ntE0lHbIhr4Kp2PGcleGZ66qu5Jqk8lc0Xc/IeG6gVLmwUGs/K0Us+L8VWoKgj0uWdPMataOsm31w==

iconv-lite@~0.4.13:
  version "0.4.19"
  resolved "https://registry.yarnpkg.com/iconv-lite/-/iconv-lite-0.4.19.tgz#f7468f60135f5e5dad3399c0a81be9a1603a082b"
  integrity sha512-oTZqweIP51xaGPI4uPa56/Pri/480R+mo7SeU+YETByQNhDG55ycFyNLIgta9vXhILrxXDmF7ZGhqZIcuN0gJQ==

invariant@^2.0.0, invariant@^2.2.2:
  version "2.2.4"
  resolved "https://registry.yarnpkg.com/invariant/-/invariant-2.2.4.tgz#610f3c92c9359ce1db616e538008d23ff35158e6"
  integrity sha512-phJfQVBuaJM5raOpJjSfkiD6BpbCE4Ns//LaXl6wGYtUBY83nWS6Rf9tXm2e8VaK60JEjYldbPif/A2B1C2gNA==
  dependencies:
    loose-envify "^1.0.0"

is-stream@^1.0.1:
  version "1.1.0"
  resolved "https://registry.yarnpkg.com/is-stream/-/is-stream-1.1.0.tgz#12d4a3dd4e68e0b79ceb8dbc84173ae80d91ca44"
  integrity sha1-EtSj3U5o4Lec6428hBc66A2RykQ=

isomorphic-fetch@^2.1.1:
  version "2.2.1"
  resolved "https://registry.yarnpkg.com/isomorphic-fetch/-/isomorphic-fetch-2.2.1.tgz#611ae1acf14f5e81f729507472819fe9733558a9"
  integrity sha1-YRrhrPFPXoH3KVB0coGf6XM1WKk=
  dependencies:
    node-fetch "^1.0.1"
    whatwg-fetch ">=0.10.0"

js-tokens@^3.0.0:
  version "3.0.2"
  resolved "https://registry.yarnpkg.com/js-tokens/-/js-tokens-3.0.2.tgz#9866df395102130e38f7f996bceb65443209c25b"
  integrity sha1-mGbfOVECEw449/mWvOtlRDIJwls=

keycode@^2.1.9:
  version "2.1.9"
  resolved "https://registry.yarnpkg.com/keycode/-/keycode-2.1.9.tgz#964a23c54e4889405b4861a5c9f0480d45141dfa"
  integrity sha1-lkojxU5IiUBbSGGlyfBIDUUUHfo=

lodash-es@^4.17.5, lodash-es@^4.2.1:
  version "4.17.7"
  resolved "https://registry.yarnpkg.com/lodash-es/-/lodash-es-4.17.7.tgz#db240a3252c3dd8360201ac9feef91ac977ea856"
  integrity sha512-jzqTi3vk4J5Dxq43cNjB0ekfCjPLHixoY2Sc0WHTo+0r928taLqe/VCt02vY5uQBvg0rdXgL3xWkK4X0MCmZcw==

lodash@^4.16.4, lodash@^4.17.5, lodash@^4.2.1:
  version "4.17.5"
  resolved "https://registry.yarnpkg.com/lodash/-/lodash-4.17.5.tgz#99a92d65c0272debe8c96b6057bc8fbfa3bed511"
  integrity sha512-svL3uiZf1RwhH+cWrfZn3A4+U58wbP0tGVTLQPbjplZxZ8ROD9VLuNgsRniTlLe7OlSqR79RUehXgpBW/s0IQw==

loose-envify@^1.0.0, loose-envify@^1.1.0, loose-envify@^1.3.1:
  version "1.3.1"
  resolved "https://registry.yarnpkg.com/loose-envify/-/loose-envify-1.3.1.tgz#d1a8ad33fa9ce0e713d65fdd0ac8b748d478c848"
  integrity sha1-0aitM/qc4OcT1l/dCsi3SNR4yEg=
  dependencies:
    js-tokens "^3.0.0"

memoize-one@^3.1.1:
  version "3.1.1"
  resolved "https://registry.yarnpkg.com/memoize-one/-/memoize-one-3.1.1.tgz#ef609811e3bc28970eac2884eece64d167830d17"
  integrity sha512-YqVh744GsMlZu6xkhGslPSqSurOv6P+kLN2J3ysBZfagLcL5FdRK/0UpgLoL8hwjjEvvAVkjJZyFP+1T6p1vgA==

node-fetch@^1.0.1:
  version "1.7.3"
  resolved "https://registry.yarnpkg.com/node-fetch/-/node-fetch-1.7.3.tgz#980f6f72d85211a5347c6b2bc18c5b84c3eb47ef"
  integrity sha512-NhZ4CsKx7cYm2vSrBAr2PvFOe6sWDf0UYLRqA6svUYg7+/TSfVAu49jYC4BvQ4Sms9SZgdqGBgroqfDhJdTyKQ==
  dependencies:
    encoding "^0.1.11"
    is-stream "^1.0.1"

object-assign@^4.1.0, object-assign@^4.1.1:
  version "4.1.1"
  resolved "https://registry.yarnpkg.com/object-assign/-/object-assign-4.1.1.tgz#2109adc7965887cfc05cbbd442cac8bfbb360863"
  integrity sha1-IQmtx5ZYh8/AXLvUQsrIv7s2CGM=

performance-now@^0.2.0:
  version "0.2.0"
  resolved "https://registry.yarnpkg.com/performance-now/-/performance-now-0.2.0.tgz#33ef30c5c77d4ea21c5a53869d91b56d8f2555e5"
  integrity sha1-M+8wxcd9TqIcWlOGnZG1bY8lVeU=

performance-now@^2.1.0:
  version "2.1.0"
  resolved "https://registry.yarnpkg.com/performance-now/-/performance-now-2.1.0.tgz#6309f4e0e5fa913ec1c69307ae364b4b377c9e7b"
  integrity sha1-Ywn04OX6kT7BxpMHrjZLSzd8nns=

promise@^7.1.1:
  version "7.3.1"
  resolved "https://registry.yarnpkg.com/promise/-/promise-7.3.1.tgz#064b72602b18f90f29192b8b1bc418ffd1ebd3bf"
  integrity sha512-nolQXZ/4L+bP/UGlkfaIujX9BKxGwmQ9OT4mOt5yvy8iK1h3wqTEJCijzGANTCCl9nWjY41juyAn2K3Q1hLLTg==
  dependencies:
    asap "~2.0.3"

prop-types@^15.5.8, prop-types@^15.6.0, prop-types@^15.6.1:
  version "15.6.1"
  resolved "https://registry.yarnpkg.com/prop-types/-/prop-types-15.6.1.tgz#36644453564255ddda391191fb3a125cbdf654ca"
  integrity sha512-4ec7bY1Y66LymSUOH/zARVYObB23AT2h8cf6e/O6ZALB/N0sqZFEx7rq6EYPX2MkOdKORuooI/H5k9TlR4q7kQ==
  dependencies:
    fbjs "^0.8.16"
    loose-envify "^1.3.1"
    object-assign "^4.1.1"

query-string@^5.1.0:
  version "5.1.1"
  resolved "https://registry.yarnpkg.com/query-string/-/query-string-5.1.1.tgz#a78c012b71c17e05f2e3fa2319dd330682efb3cb"
  integrity sha512-gjWOsm2SoGlgLEdAGt7a6slVOk9mGiXmPFMqrEhLQ68rhQuBnpfs3+EmlvqKyxnCo9/PPlF+9MtY02S1aFg+Jw==
  dependencies:
    decode-uri-component "^0.2.0"
    object-assign "^4.1.0"
    strict-uri-encode "^1.0.0"

querystringify@~1.0.0:
  version "1.0.0"
  resolved "https://registry.yarnpkg.com/querystringify/-/querystringify-1.0.0.tgz#6286242112c5b712fa654e526652bf6a13ff05cb"
  integrity sha1-YoYkIRLFtxL6ZU5SZlK/ahP/Bcs=

raf-schd@^2.1.1:
  version "2.1.1"
  resolved "https://registry.yarnpkg.com/raf-schd/-/raf-schd-2.1.1.tgz#0b59964cee2e96b7dd46ffaeb5c08740f3a5e7ab"
  integrity sha512-ngcBQygUeE3kHlOaBSqgWKv7BT9kx5kQ6fAwFJRNRT7TD54M+hx1kpNHb8sONRskcYQedJg2RC2xKlAHRUQBig==

raf@^3.1.0, raf@^3.3.2:
  version "3.4.0"
  resolved "https://registry.yarnpkg.com/raf/-/raf-3.4.0.tgz#a28876881b4bc2ca9117d4138163ddb80f781575"
  integrity sha512-pDP/NMRAXoTfrhCfyfSEwJAKLaxBU9eApMeBPB1TkDouZmvPerIClV8lTAd+uF8ZiTaVl69e1FCxQrAd/VTjGw==
  dependencies:
    performance-now "^2.1.0"

react-beautiful-dnd@6.0.1:
  version "6.0.1"
  resolved "https://registry.yarnpkg.com/react-beautiful-dnd/-/react-beautiful-dnd-6.0.1.tgz#f5b70cc37188bd9e79c2bd2152bebfadb2861cff"
  integrity sha512-tHnXsxSdvKK4grYS/dwJrQ1y8lT9lO+nnLYYQ85noFhyDD0nUzal0UcwBkhEoNwkGLeRyxmg7nMkAKCI9BTIIg==
  dependencies:
    babel-runtime "^6.26.0"
    invariant "^2.2.2"
    memoize-one "^3.1.1"
    prop-types "^15.6.0"
    raf-schd "^2.1.1"
    react-motion "^0.5.2"
    react-redux "^5.0.6"
    redux "^3.7.2"
    redux-thunk "^2.2.0"
    reselect "^3.0.1"

react-motion@^0.5.2:
  version "0.5.2"
  resolved "https://registry.yarnpkg.com/react-motion/-/react-motion-0.5.2.tgz#0dd3a69e411316567927917c6626551ba0607316"
  integrity sha512-9q3YAvHoUiWlP3cK0v+w1N5Z23HXMj4IF4YuvjvWegWqNPfLXsOBE/V7UvQGpXxHFKRQQcNcVQE31g9SB/6qgQ==
  dependencies:
    performance-now "^0.2.0"
    prop-types "^15.5.8"
    raf "^3.1.0"

react-redux@^5.0.6:
  version "5.0.7"
  resolved "https://registry.yarnpkg.com/react-redux/-/react-redux-5.0.7.tgz#0dc1076d9afb4670f993ffaef44b8f8c1155a4c8"
  integrity sha512-5VI8EV5hdgNgyjfmWzBbdrqUkrVRKlyTKk1sGH3jzM2M2Mhj/seQgPXaz6gVAj2lz/nz688AdTqMO18Lr24Zhg==
  dependencies:
    hoist-non-react-statics "^2.5.0"
    invariant "^2.0.0"
    lodash "^4.17.5"
    lodash-es "^4.17.5"
    loose-envify "^1.1.0"
    prop-types "^15.6.0"

react-transition-group@^2.2.1:
  version "2.2.1"
  resolved "https://registry.yarnpkg.com/react-transition-group/-/react-transition-group-2.2.1.tgz#e9fb677b79e6455fd391b03823afe84849df4a10"
  integrity sha512-q54UBM22bs/CekG8r3+vi9TugSqh0t7qcEVycaRc9M0p0aCEu+h6rp/RFiW7fHfgd1IKpd9oILFTl5QK+FpiPA==
  dependencies:
    chain-function "^1.0.0"
    classnames "^2.2.5"
    dom-helpers "^3.2.0"
    loose-envify "^1.3.1"
    prop-types "^15.5.8"
    warning "^3.0.0"

redux-thunk@^2.2.0:
  version "2.2.0"
  resolved "https://registry.yarnpkg.com/redux-thunk/-/redux-thunk-2.2.0.tgz#e615a16e16b47a19a515766133d1e3e99b7852e5"
  integrity sha1-5hWhbha0ehmlFXZhM9Hj6Zt4UuU=

redux@^3.7.2:
  version "3.7.2"
  resolved "https://registry.yarnpkg.com/redux/-/redux-3.7.2.tgz#06b73123215901d25d065be342eb026bc1c8537b"
  integrity sha512-pNqnf9q1hI5HHZRBkj3bAngGZW/JMCmexDlOxw4XagXY2o1327nHH54LoTjiPJ0gizoqPDRqWyX/00g0hD6w+A==
  dependencies:
    lodash "^4.2.1"
    lodash-es "^4.2.1"
    loose-envify "^1.1.0"
    symbol-observable "^1.0.3"

regenerator-runtime@^0.11.0:
  version "0.11.1"
  resolved "https://registry.yarnpkg.com/regenerator-runtime/-/regenerator-runtime-0.11.1.tgz#be05ad7f9bf7d22e056f9726cee5017fbf19e2e9"
  integrity sha512-MguG95oij0fC3QV3URf4V2SDYGJhJnJGqvIIgdECeODCT98wSWDAJ94SSuVpYQUoTcGUIL6L4yNB7j1DFFHSBg==

requires-port@~1.0.0:
  version "1.0.0"
  resolved "https://registry.yarnpkg.com/requires-port/-/requires-port-1.0.0.tgz#925d2601d39ac485e091cf0da5c6e694dc3dcaff"
  integrity sha1-kl0mAdOaxIXgkc8NpcbmlNw9yv8=

reselect@^3.0.1:
  version "3.0.1"
  resolved "https://registry.yarnpkg.com/reselect/-/reselect-3.0.1.tgz#efdaa98ea7451324d092b2b2163a6a1d7a9a2147"
  integrity sha1-79qpjqdFEyTQkrKyFjpqHXqaIUc=

setimmediate@^1.0.5:
  version "1.0.5"
  resolved "https://registry.yarnpkg.com/setimmediate/-/setimmediate-1.0.5.tgz#290cbb232e306942d7d7ea9b83732ab7856f8285"
  integrity sha1-KQy7Iy4waULX1+qbg3Mqt4VvgoU=

sortablejs@^1.7.0:
  version "1.7.0"
  resolved "https://registry.yarnpkg.com/sortablejs/-/sortablejs-1.7.0.tgz#80a2b2370abd568e1cec8c271131ef30a904fa28"
  integrity sha1-gKKyNwq9Vo4c7IwnETHvMKkE+ig=

strict-uri-encode@^1.0.0:
  version "1.1.0"
  resolved "https://registry.yarnpkg.com/strict-uri-encode/-/strict-uri-encode-1.1.0.tgz#279b225df1d582b1f54e65addd4352e18faa0713"
  integrity sha1-J5siXfHVgrH1TmWt3UNS4Y+qBxM=

symbol-observable@^1.0.3:
  version "1.2.0"
  resolved "https://registry.yarnpkg.com/symbol-observable/-/symbol-observable-1.2.0.tgz#c22688aed4eab3cdc2dfeacbb561660560a00804"
  integrity sha512-e900nM8RRtGhlV36KGEU9k65K3mPb1WV70OdjfxlG2EAuM1noi/E/BaW/uMhL7bPEssK8QV57vN3esixjUvcXQ==

tinycolor2@^1.4.1:
  version "1.4.1"
  resolved "https://registry.yarnpkg.com/tinycolor2/-/tinycolor2-1.4.1.tgz#f4fad333447bc0b07d4dc8e9209d8f39a8ac77e8"
  integrity sha1-9PrTM0R7wLB9TcjpIJ2POaisd+g=

ua-parser-js@^0.7.9:
  version "0.7.17"
  resolved "https://registry.yarnpkg.com/ua-parser-js/-/ua-parser-js-0.7.17.tgz#e9ec5f9498b9ec910e7ae3ac626a805c4d09ecac"
  integrity sha512-uRdSdu1oA1rncCQL7sCj8vSyZkgtL7faaw9Tc9rZ3mGgraQ7+Pdx7w5mnOSF3gw9ZNG6oc+KXfkon3bKuROm0g==

url-parse@^1.1.9:
  version "1.2.0"
  resolved "https://registry.yarnpkg.com/url-parse/-/url-parse-1.2.0.tgz#3a19e8aaa6d023ddd27dcc44cb4fc8f7fec23986"
  integrity sha512-DT1XbYAfmQP65M/mE6OALxmXzZ/z1+e5zk2TcSKe/KiYbNGZxgtttzC0mR/sjopbpOXcbniq7eIKmocJnUWlEw==
  dependencies:
    querystringify "~1.0.0"
    requires-port "~1.0.0"

uuid@^3.1.0:
  version "3.2.1"
  resolved "https://registry.yarnpkg.com/uuid/-/uuid-3.2.1.tgz#12c528bb9d58d0b9265d9a2f6f0fe8be17ff1f14"
  integrity sha512-jZnMwlb9Iku/O3smGWvZhauCf6cvvpKi4BKRiliS3cxnI+Gz9j5MEpTz2UFuXiKPJocb7gnsLHwiS05ige5BEA==

warning@^3.0.0:
  version "3.0.0"
  resolved "https://registry.yarnpkg.com/warning/-/warning-3.0.0.tgz#32e5377cb572de4ab04753bdf8821c01ed605b7c"
  integrity sha1-MuU3fLVy3kqwR1O9+IIcAe1gW3w=
  dependencies:
    loose-envify "^1.0.0"

whatwg-fetch@>=0.10.0:
  version "2.0.3"
  resolved "https://registry.yarnpkg.com/whatwg-fetch/-/whatwg-fetch-2.0.3.tgz#9c84ec2dcf68187ff00bc64e1274b442176e1c84"
  integrity sha1-nITsLc9oGH/wC8ZOEnS0QhduHIQ=

zan-jquery@^1.0.2:
  version "1.0.2"
  resolved "https://registry.yarnpkg.com/zan-jquery/-/zan-jquery-1.0.2.tgz#d9a45088d0d152cfe41729aca70b6682e30ce5cf"
  integrity sha1-2aRQiNDRUs/kFymspwtmguMM5c8=

zan-utils@^1.2.8:
  version "1.2.8"
  resolved "https://registry.yarnpkg.com/zan-utils/-/zan-utils-1.2.8.tgz#9678670d3f251c9c5fddb137e1e63676a7e4b155"
  integrity sha1-lnhnDT8lHJxf3bE34eY2dqfksVU=
  dependencies:
    big.js "^3.1.3"
    compare-versions "^3.1.0"
    exif-js "^2.3.0"
    fecha "^2.3.1"
    lodash "^4.16.4"
    query-string "^5.1.0"
    raf "^3.3.2"
    url-parse "^1.1.9"
    zan-jquery "^1.0.2"

zenticons@1.3.4:
  version "1.3.4"
  resolved "https://registry.yarnpkg.com/zenticons/-/zenticons-1.3.4.tgz#eb03412f22994948ba0e142668ebe378167e95f8"
  integrity sha1-6wNBLyKZSUi6DhQmaOvjeBZ+lfg=
