# THIS IS AN AUTOGENERATED FILE. DO NOT EDIT THIS FILE DIRECTLY.
# yarn lockfile v1


classnames@2.2.x:
  version "2.2.5"
  resolved "http://registry.npm.taobao.org/classnames/download/classnames-2.2.5.tgz#fb3801d453467649ef3603c7d61a02bd129bde6d"

es6-error@4.0.x:
  version "4.0.2"
  resolved "http://registry.npm.taobao.org/es6-error/download/es6-error-4.0.2.tgz#eec5c726eacef51b7f6b73c20db6e1b13b069c98"

lodash@4.17.x:
  version "4.17.4"
  resolved "http://registry.npm.taobao.org/lodash/download/lodash-4.17.4.tgz#78203a4d1c328ae1d86dca6460e369b57f4055ae"

zent-button@1.0.9:
  version "1.0.9"
  resolved "http://registry.npm.taobao.org/zent-button/download/zent-button-1.0.9.tgz#0d777e53fe99e754d6780eecba679dd4f39f4f9d"
  dependencies:
    zent-utils "1.0.7"

zent-icon@1.0.9:
  version "1.0.9"
  resolved "http://registry.npm.taobao.org/zent-icon/download/zent-icon-1.0.9.tgz#8098fe2b023148b0d55af2a9de3208d44fa00e94"
  dependencies:
    zent-utils "1.0.7"

zent-menu@0.0.2:
  version "0.0.2"
  resolved "http://registry.npm.taobao.org/zent-menu/download/zent-menu-0.0.2.tgz#a6f44aaf5f063a7f3722167b2ff2336f0e2d8e9c"
  dependencies:
    zent-icon "1.0.9"
    zent-popover "*"
    zent-utils "*"

zent-popover@*, zent-popover@1.0.12:
  version "1.0.12"
  resolved "http://registry.npm.taobao.org/zent-popover/download/zent-popover-1.0.12.tgz#9449156c882635ee78ae7356cd23ca85c3d3dbc0"
  dependencies:
    zent-portal "1.0.7"
    zent-utils "1.0.7"

zent-portal@1.0.7:
  version "1.0.7"
  resolved "http://registry.npm.taobao.org/zent-portal/download/zent-portal-1.0.7.tgz#d1388fbd3b6ca105741ee2bbd1f9cbe19180aaa7"
  dependencies:
    zent-utils "1.0.7"

zent-utils@*, zent-utils@1.0.7:
  version "1.0.7"
  resolved "http://registry.npm.taobao.org/zent-utils/download/zent-utils-1.0.7.tgz#be3d7a1e26c0b8e019da0eb26a37aedaba2f91e7"
  dependencies:
    classnames "2.2.x"
    es6-error "4.0.x"
    lodash "4.17.x"
