# THIS IS AN AUTOGENERATED FILE. DO NOT EDIT THIS FILE DIRECTLY.
# yarn lockfile v1
async@^1.5.2:
  version "1.5.2"
  resolved "http://registry.npm.qima-inc.com/async/download/async-1.5.2.tgz#ec6a61ae56480c0c3cb241c95618e20892f9672a"

asynckit@^0.4.0:
  version "0.4.0"
  resolved "http://registry.npm.qima-inc.com/asynckit/download/asynckit-0.4.0.tgz#c79ed97f7f34cb8f2ba1bc9790bcc366474b4b79"

buffer-shims@^1.0.0:
  version "1.0.0"
  resolved "http://registry.npm.qima-inc.com/buffer-shims/download/buffer-shims-1.0.0.tgz#9978ce317388c649ad8793028c3477ef044a8b51"

combined-stream@^1.0.5:
  version "1.0.5"
  resolved "http://registry.npm.qima-inc.com/combined-stream/download/combined-stream-1.0.5.tgz#938370a57b4a51dea2c77c15d5c5fdf895164009"
  dependencies:
    delayed-stream "~1.0.0"

component-emitter@^1.2.0:
  version "1.2.1"
  resolved "http://registry.npm.qima-inc.com/component-emitter/download/component-emitter-1.2.1.tgz#137918d6d78283f7df7a6b7c5a63e140e69425e6"

cookiejar@^2.0.6:
  version "2.1.0"
  resolved "http://registry.npm.qima-inc.com/cookiejar/download/cookiejar-2.1.0.tgz#86549689539b6d0e269b6637a304be508194d898"

core-util-is@~1.0.0:
  version "1.0.2"
  resolved "http://registry.npm.qima-inc.com/core-util-is/download/core-util-is-1.0.2.tgz#b5fd54220aa2bc5ab57aab7140c940754503c1a7"

debug@^2.2.0:
  version "2.6.3"
  resolved "http://registry.npm.qima-inc.com/debug/download/debug-2.6.3.tgz#0f7eb8c30965ec08c72accfa0130c8b79984141d"
  dependencies:
    ms "0.7.2"

delayed-stream@~1.0.0:
  version "1.0.0"
  resolved "http://registry.npm.qima-inc.com/delayed-stream/download/delayed-stream-1.0.0.tgz#df3ae199acadfb7d440aaae0b29e2272b24ec619"

extend@^3.0.0:
  version "3.0.0"
  resolved "http://registry.npm.qima-inc.com/extend/download/extend-3.0.0.tgz#5a474353b9f3353ddd8176dfd37b91c83a46f1d4"

form-data@^2.1.1:
  version "2.1.2"
  resolved "http://registry.npm.qima-inc.com/form-data/download/form-data-2.1.2.tgz#89c3534008b97eada4cbb157d58f6f5df025eae4"
  dependencies:
    asynckit "^0.4.0"
    combined-stream "^1.0.5"
    mime-types "^2.1.12"

form-data@1.0.0-rc4:
  version "1.0.0-rc4"
  resolved "http://registry.npm.qima-inc.com/form-data/download/form-data-1.0.0-rc4.tgz#05ac6bc22227b43e4461f488161554699d4f8b5e"
  dependencies:
    async "^1.5.2"
    combined-stream "^1.0.5"
    mime-types "^2.1.10"

formidable@^1.0.17, formidable@^1.1.1:
  version "1.1.1"
  resolved "http://registry.npm.qima-inc.com/formidable/download/formidable-1.1.1.tgz#96b8886f7c3c3508b932d6bd70c4d3a88f35f1a9"

inherits@~2.0.1:
  version "2.0.3"
  resolved "http://registry.npm.qima-inc.com/inherits/download/inherits-2.0.3.tgz#633c2c83e3da42a502f52466022480f4208261de"

isarray@~1.0.0:
  version "1.0.0"
  resolved "http://registry.npm.qima-inc.com/isarray/download/isarray-1.0.0.tgz#bb935d48582cba168c06834957a54a3e07124f11"

methods@^1.1.1:
  version "1.1.2"
  resolved "http://registry.npm.qima-inc.com/methods/download/methods-1.1.2.tgz#5529a4d67654134edcc5266656835b0f851afcee"

mime-db@~1.27.0:
  version "1.27.0"
  resolved "http://registry.npm.qima-inc.com/mime-db/download/mime-db-1.27.0.tgz#820f572296bbd20ec25ed55e5b5de869e5436eb1"

mime-types@^2.1.10, mime-types@^2.1.12:
  version "2.1.15"
  resolved "http://registry.npm.qima-inc.com/mime-types/download/mime-types-2.1.15.tgz#a4ebf5064094569237b8cf70046776d09fc92aed"
  dependencies:
    mime-db "~1.27.0"

mime@^1.3.4:
  version "1.3.4"
  resolved "http://registry.npm.qima-inc.com/mime/download/mime-1.3.4.tgz#115f9e3b6b3daf2959983cb38f149a2d40eb5d53"

ms@0.7.2:
  version "0.7.2"
  resolved "http://registry.npm.qima-inc.com/ms/download/ms-0.7.2.tgz#ae25cf2512b3885a1d95d7f037868d8431124765"

process-nextick-args@~1.0.6:
  version "1.0.7"
  resolved "http://registry.npm.qima-inc.com/process-nextick-args/download/process-nextick-args-1.0.7.tgz#150e20b756590ad3f91093f25a4f2ad8bff30ba3"

qs@^6.1.0:
  version "6.4.0"
  resolved "http://registry.npm.qima-inc.com/qs/download/qs-6.4.0.tgz#13e26d28ad6b0ffaa91312cd3bf708ed351e7233"

readable-stream@^2.0.5:
  version "2.2.6"
  resolved "http://registry.npm.qima-inc.com/readable-stream/download/readable-stream-2.2.6.tgz#8b43aed76e71483938d12a8d46c6cf1a00b1f816"
  dependencies:
    buffer-shims "^1.0.0"
    core-util-is "~1.0.0"
    inherits "~2.0.1"
    isarray "~1.0.0"
    process-nextick-args "~1.0.6"
    string_decoder "~0.10.x"
    util-deprecate "~1.0.1"

string_decoder@~0.10.x:
  version "0.10.31"
  resolved "http://registry.npm.qima-inc.com/string_decoder/download/string_decoder-0.10.31.tgz#62e203bc41766c6c28c9fc84301dab1c5310fa94"

superagent-jsonp@0.0.7:
  version "0.0.7"
  resolved "http://registry.npm.qima-inc.com/superagent-jsonp/download/superagent-jsonp-0.0.7.tgz#b0a6ae1f462ee812497725cf69c79cc108ddc301"
  dependencies:
    superagent ">=1.4"

superagent@>=1.4:
  version "3.5.2"
  resolved "http://registry.npm.qima-inc.com/superagent/download/superagent-3.5.2.tgz#3361a3971567504c351063abeaae0faa23dbf3f8"
  dependencies:
    component-emitter "^1.2.0"
    cookiejar "^2.0.6"
    debug "^2.2.0"
    extend "^3.0.0"
    form-data "^2.1.1"
    formidable "^1.1.1"
    methods "^1.1.1"
    mime "^1.3.4"
    qs "^6.1.0"
    readable-stream "^2.0.5"

superagent@2.3.0:
  version "2.3.0"
  resolved "http://registry.npm.qima-inc.com/superagent/download/superagent-2.3.0.tgz#703529a0714e57e123959ddefbce193b2e50d115"
  dependencies:
    component-emitter "^1.2.0"
    cookiejar "^2.0.6"
    debug "^2.2.0"
    extend "^3.0.0"
    form-data "1.0.0-rc4"
    formidable "^1.0.17"
    methods "^1.1.1"
    mime "^1.3.4"
    qs "^6.1.0"
    readable-stream "^2.0.5"

util-deprecate@~1.0.1:
  version "1.0.2"
  resolved "http://registry.npm.qima-inc.com/util-deprecate/download/util-deprecate-1.0.2.tgz#450d4dc9fa70de732762fbd2d4a28981419a0ccf"

